
Microsoft Visual Studio Solution File, Format Version 12.00
Project("{FAE04EC0-301F-11D3-BF4B-00C04F79EFBC}") = "DatabaseProject", "DatabaseProject\DatabaseProject.csproj", "{5EB05166-2AD8-4C87-A733-8A87BAAB82E8}"
EndProject
Global
	GlobalSection(SolutionConfigurationPlatforms) = preSolution
		Debug|Any CPU = Debug|Any CPU
		Release|Any CPU = Release|Any CPU
	EndGlobalSection
	GlobalSection(ProjectConfigurationPlatforms) = postSolution
		{5EB05166-2AD8-4C87-A733-8A87BAAB82E8}.Debug|Any CPU.ActiveCfg = Debug|Any CPU
		{5EB05166-2AD8-4C87-A733-8A87BAAB82E8}.Debug|Any CPU.Build.0 = Debug|Any CPU
		{5EB05166-2AD8-4C87-A733-8A87BAAB82E8}.Release|Any CPU.ActiveCfg = Release|Any CPU
		{5EB05166-2AD8-4C87-A733-8A87BAAB82E8}.Release|Any CPU.Build.0 = Release|Any CPU
	EndGlobalSection
EndGlobal
